
Microsoft Visual Studio Solution File, Format Version 12.00
# Visual Studio 15
VisualStudioVersion = 15.0.28307.960
MinimumVisualStudioVersion = 10.0.40219.1
Project("{FAE04EC0-301F-11D3-BF4B-00C04F79EFBC}") = "SSD2019", "SSD2019\SSD2019.csproj", "{7E176854-FBA5-465A-A050-B7A211127701}"
EndProject
Global
	GlobalSection(SolutionConfigurationPlatforms) = preSolution
		Debug|Any CPU = Debug|Any CPU
		Release|Any CPU = Release|Any CPU
	EndGlobalSection
	GlobalSection(ProjectConfigurationPlatforms) = postSolution
		{7E176854-FBA5-465A-A050-B7A211127701}.Debug|Any CPU.ActiveCfg = Debug|Any CPU
		{7E176854-FBA5-465A-A050-B7A211127701}.Debug|Any CPU.Build.0 = Debug|Any CPU
		{7E176854-FBA5-465A-A050-B7A211127701}.Release|Any CPU.ActiveCfg = Release|Any CPU
		{7E176854-FBA5-465A-A050-B7A211127701}.Release|Any CPU.Build.0 = Release|Any CPU
	EndGlobalSection
	GlobalSection(SolutionProperties) = preSolution
		HideSolutionNode = FALSE
	EndGlobalSection
	GlobalSection(ExtensibilityGlobals) = postSolution
		SolutionGuid = {520A4EB8-9A3F-4C22-A60A-26CF81D72DC1}
	EndGlobalSection
EndGlobal
